
Microsoft Visual Studio Solution File, Format Version 12.00
# Visual Studio Version 16
VisualStudioVersion = 16.0.29709.97
MinimumVisualStudioVersion = 10.0.40219.1
Project("{FAE04EC0-301F-11D3-BF4B-00C04F79EFBC}") = "January30th", "January30th\January30th.csproj", "{F2EDEF80-7EAE-4EB0-8B83-21400198F335}"
EndProject
Project("{FAE04EC0-301F-11D3-BF4B-00C04F79EFBC}") = "UnitTestProject1", "UnitTestProject1\UnitTestProject1.csproj", "{61C9A77E-FD0B-4960-8178-EB63776AC171}"
EndProject
Global
	GlobalSection(SolutionConfigurationPlatforms) = preSolution
		Debug|Any CPU = Debug|Any CPU
		Release|Any CPU = Release|Any CPU
	EndGlobalSection
	GlobalSection(ProjectConfigurationPlatforms) = postSolution
		{F2EDEF80-7EAE-4EB0-8B83-21400198F335}.Debug|Any CPU.ActiveCfg = Debug|Any CPU
		{F2EDEF80-7EAE-4EB0-8B83-21400198F335}.Debug|Any CPU.Build.0 = Debug|Any CPU
		{F2EDEF80-7EAE-4EB0-8B83-21400198F335}.Release|Any CPU.ActiveCfg = Release|Any CPU
		{F2EDEF80-7EAE-4EB0-8B83-21400198F335}.Release|Any CPU.Build.0 = Release|Any CPU
		{61C9A77E-FD0B-4960-8178-EB63776AC171}.Debug|Any CPU.ActiveCfg = Debug|Any CPU
		{61C9A77E-FD0B-4960-8178-EB63776AC171}.Debug|Any CPU.Build.0 = Debug|Any CPU
		{61C9A77E-FD0B-4960-8178-EB63776AC171}.Release|Any CPU.ActiveCfg = Release|Any CPU
		{61C9A77E-FD0B-4960-8178-EB63776AC171}.Release|Any CPU.Build.0 = Release|Any CPU
	EndGlobalSection
	GlobalSection(SolutionProperties) = preSolution
		HideSolutionNode = FALSE
	EndGlobalSection
	GlobalSection(ExtensibilityGlobals) = postSolution
		SolutionGuid = {C673D992-3B4E-4A23-B86A-7FA49D7A938D}
	EndGlobalSection
EndGlobal
